
Microsoft Visual Studio Solution File, Format Version 12.00
# Visual Studio 15
VisualStudioVersion = 15.0.27703.2042
MinimumVisualStudioVersion = 10.0.40219.1
Project("{FAE04EC0-301F-11D3-BF4B-00C04F79EFBC}") = "ASP-TEORIA", "ASP-TEORIA\ASP-TEORIA.csproj", "{57039763-4202-4C93-8088-991C9A538520}"
EndProject
Project("{FAE04EC0-301F-11D3-BF4B-00C04F79EFBC}") = "modele", "modele\modele.csproj", "{44F17E6C-077C-4DD5-9E21-C71A258BF7F9}"
EndProject
Project("{FAE04EC0-301F-11D3-BF4B-00C04F79EFBC}") = "Kadry", "Kadry\Kadry.csproj", "{EF9EC1F5-0BD5-4D7D-9ACC-1310695B89F9}"
EndProject
Project("{FAE04EC0-301F-11D3-BF4B-00C04F79EFBC}") = "WyrazeniaRegularne", "WyrazeniaRegularne\WyrazeniaRegularne.csproj", "{492D1093-7621-4721-A1AB-618DD1FB688F}"
EndProject
Project("{FAE04EC0-301F-11D3-BF4B-00C04F79EFBC}") = "MsAjax", "MsAjax\MsAjax.csproj", "{A1C796DD-23A4-48DA-B568-0FE247C56AB5}"
EndProject
Project("{FAE04EC0-301F-11D3-BF4B-00C04F79EFBC}") = "Filtry", "Filtry\Filtry.csproj", "{DD3BD775-305B-458B-902A-5BF255FBBC2F}"
EndProject
Project("{FAE04EC0-301F-11D3-BF4B-00C04F79EFBC}") = "Bezpieczenstwo", "Bezpieczenstwo\Bezpieczenstwo.csproj", "{7A0E530F-58D9-471A-9F09-29426E1E097C}"
EndProject
Global
	GlobalSection(SolutionConfigurationPlatforms) = preSolution
		Debug|Any CPU = Debug|Any CPU
		Release|Any CPU = Release|Any CPU
	EndGlobalSection
	GlobalSection(ProjectConfigurationPlatforms) = postSolution
		{57039763-4202-4C93-8088-991C9A538520}.Debug|Any CPU.ActiveCfg = Debug|Any CPU
		{57039763-4202-4C93-8088-991C9A538520}.Debug|Any CPU.Build.0 = Debug|Any CPU
		{57039763-4202-4C93-8088-991C9A538520}.Release|Any CPU.ActiveCfg = Release|Any CPU
		{57039763-4202-4C93-8088-991C9A538520}.Release|Any CPU.Build.0 = Release|Any CPU
		{44F17E6C-077C-4DD5-9E21-C71A258BF7F9}.Debug|Any CPU.ActiveCfg = Debug|Any CPU
		{44F17E6C-077C-4DD5-9E21-C71A258BF7F9}.Debug|Any CPU.Build.0 = Debug|Any CPU
		{44F17E6C-077C-4DD5-9E21-C71A258BF7F9}.Release|Any CPU.ActiveCfg = Release|Any CPU
		{44F17E6C-077C-4DD5-9E21-C71A258BF7F9}.Release|Any CPU.Build.0 = Release|Any CPU
		{EF9EC1F5-0BD5-4D7D-9ACC-1310695B89F9}.Debug|Any CPU.ActiveCfg = Debug|Any CPU
		{EF9EC1F5-0BD5-4D7D-9ACC-1310695B89F9}.Debug|Any CPU.Build.0 = Debug|Any CPU
		{EF9EC1F5-0BD5-4D7D-9ACC-1310695B89F9}.Release|Any CPU.ActiveCfg = Release|Any CPU
		{EF9EC1F5-0BD5-4D7D-9ACC-1310695B89F9}.Release|Any CPU.Build.0 = Release|Any CPU
		{492D1093-7621-4721-A1AB-618DD1FB688F}.Debug|Any CPU.ActiveCfg = Debug|Any CPU
		{492D1093-7621-4721-A1AB-618DD1FB688F}.Debug|Any CPU.Build.0 = Debug|Any CPU
		{492D1093-7621-4721-A1AB-618DD1FB688F}.Release|Any CPU.ActiveCfg = Release|Any CPU
		{492D1093-7621-4721-A1AB-618DD1FB688F}.Release|Any CPU.Build.0 = Release|Any CPU
		{A1C796DD-23A4-48DA-B568-0FE247C56AB5}.Debug|Any CPU.ActiveCfg = Debug|Any CPU
		{A1C796DD-23A4-48DA-B568-0FE247C56AB5}.Debug|Any CPU.Build.0 = Debug|Any CPU
		{A1C796DD-23A4-48DA-B568-0FE247C56AB5}.Release|Any CPU.ActiveCfg = Release|Any CPU
		{A1C796DD-23A4-48DA-B568-0FE247C56AB5}.Release|Any CPU.Build.0 = Release|Any CPU
		{DD3BD775-305B-458B-902A-5BF255FBBC2F}.Debug|Any CPU.ActiveCfg = Debug|Any CPU
		{DD3BD775-305B-458B-902A-5BF255FBBC2F}.Debug|Any CPU.Build.0 = Debug|Any CPU
		{DD3BD775-305B-458B-902A-5BF255FBBC2F}.Release|Any CPU.ActiveCfg = Release|Any CPU
		{DD3BD775-305B-458B-902A-5BF255FBBC2F}.Release|Any CPU.Build.0 = Release|Any CPU
		{7A0E530F-58D9-471A-9F09-29426E1E097C}.Debug|Any CPU.ActiveCfg = Debug|Any CPU
		{7A0E530F-58D9-471A-9F09-29426E1E097C}.Debug|Any CPU.Build.0 = Debug|Any CPU
		{7A0E530F-58D9-471A-9F09-29426E1E097C}.Release|Any CPU.ActiveCfg = Release|Any CPU
		{7A0E530F-58D9-471A-9F09-29426E1E097C}.Release|Any CPU.Build.0 = Release|Any CPU
	EndGlobalSection
	GlobalSection(SolutionProperties) = preSolution
		HideSolutionNode = FALSE
	EndGlobalSection
	GlobalSection(ExtensibilityGlobals) = postSolution
		SolutionGuid = {3AF8CAEE-FDD6-4E6E-B723-DD269CAAF5D0}
	EndGlobalSection
EndGlobal
